// !$*UTF8*$!
{
	archiveVersion = 1;
	classes = {
	};
	objectVersion = 56;
	objects = {

/* Begin PBXBuildFile section */
		A502C70C2C9877BA00A06E78 /* HowDrunkRU_App.swift in Sources */ = {isa = PBXBuildFile; fileRef = A502C70B2C9877BA00A06E78 /* HowDrunkRU_App.swift */; };
		A502C70E2C9877BA00A06E78 /* ContentView.swift in Sources */ = {isa = PBXBuildFile; fileRef = A502C70D2C9877BA00A06E78 /* ContentView.swift */; };
		A502C7102C9877BB00A06E78 /* Assets.xcassets in Resources */ = {isa = PBXBuildFile; fileRef = A502C70F2C9877BB00A06E78 /* Assets.xcassets */; };
		A502C7132C9877BB00A06E78 /* Preview Assets.xcassets in Resources */ = {isa = PBXBuildFile; fileRef = A502C7122C9877BB00A06E78 /* Preview Assets.xcassets */; };
		A502C71B2C98783B00A06E78 /* ColorUI+Extension.swift in Sources */ = {isa = PBXBuildFile; fileRef = A502C71A2C98783A00A06E78 /* ColorUI+Extension.swift */; };
		A502C71E2C98787400A06E78 /* AlcoholLevel.swift in Sources */ = {isa = PBXBuildFile; fileRef = A502C71D2C98787400A06E78 /* AlcoholLevel.swift */; };
		A502C7202C98788C00A06E78 /* TitleView.swift in Sources */ = {isa = PBXBuildFile; fileRef = A502C71F2C98788C00A06E78 /* TitleView.swift */; };
		A502C7222C987FF100A06E78 /* AlcoholLevelView.swift in Sources */ = {isa = PBXBuildFile; fileRef = A502C7212C987FF100A06E78 /* AlcoholLevelView.swift */; };
/* End PBXBuildFile section */

/* Begin PBXFileReference section */
		A502C7082C9877BA00A06E78 /* HowDrunkRU?.app */ = {isa = PBXFileReference; explicitFileType = wrapper.application; includeInIndex = 0; path = "HowDrunkRU?.app"; sourceTree = BUILT_PRODUCTS_DIR; };
		A502C70B2C9877BA00A06E78 /* HowDrunkRU_App.swift */ = {isa = PBXFileReference; lastKnownFileType = sourcecode.swift; path = HowDrunkRU_App.swift; sourceTree = "<group>"; };
		A502C70D2C9877BA00A06E78 /* ContentView.swift */ = {isa = PBXFileReference; lastKnownFileType = sourcecode.swift; path = ContentView.swift; sourceTree = "<group>"; };
		A502C70F2C9877BB00A06E78 /* Assets.xcassets */ = {isa = PBXFileReference; lastKnownFileType = folder.assetcatalog; path = Assets.xcassets; sourceTree = "<group>"; };
		A502C7122C9877BB00A06E78 /* Preview Assets.xcassets */ = {isa = PBXFileReference; lastKnownFileType = folder.assetcatalog; path = "Preview Assets.xcassets"; sourceTree = "<group>"; };
		A502C71A2C98783A00A06E78 /* ColorUI+Extension.swift */ = {isa = PBXFileReference; lastKnownFileType = sourcecode.swift; path = "ColorUI+Extension.swift"; sourceTree = "<group>"; };
		A502C71D2C98787400A06E78 /* AlcoholLevel.swift */ = {isa = PBXFileReference; lastKnownFileType = sourcecode.swift; path = AlcoholLevel.swift; sourceTree = "<group>"; };
		A502C71F2C98788C00A06E78 /* TitleView.swift */ = {isa = PBXFileReference; lastKnownFileType = sourcecode.swift; path = TitleView.swift; sourceTree = "<group>"; };
		A502C7212C987FF100A06E78 /* AlcoholLevelView.swift */ = {isa = PBXFileReference; lastKnownFileType = sourcecode.swift; path = AlcoholLevelView.swift; sourceTree = "<group>"; };
/* End PBXFileReference section */

/* Begin PBXFrameworksBuildPhase section */
		A502C7052C9877BA00A06E78 /* Frameworks */ = {
			isa = PBXFrameworksBuildPhase;
			buildActionMask = 2147483647;
			files = (
			);
			runOnlyForDeploymentPostprocessing = 0;
		};
/* End PBXFrameworksBuildPhase section */

/* Begin PBXGroup section */
		A502C6FF2C9877BA00A06E78 = {
			isa = PBXGroup;
			children = (
				A502C70A2C9877BA00A06E78 /* HowDrunkRU? */,
				A502C7092C9877BA00A06E78 /* Products */,
			);
			sourceTree = "<group>";
		};
		A502C7092C9877BA00A06E78 /* Products */ = {
			isa = PBXGroup;
			children = (
				A502C7082C9877BA00A06E78 /* HowDrunkRU?.app */,
			);
			name = Products;
			sourceTree = "<group>";
		};
		A502C70A2C9877BA00A06E78 /* HowDrunkRU? */ = {
			isa = PBXGroup;
			children = (
				A502C71C2C98784F00A06E78 /* Component */,
				A502C7192C98782600A06E78 /* Extensions */,
				A502C70B2C9877BA00A06E78 /* HowDrunkRU_App.swift */,
				A502C70D2C9877BA00A06E78 /* ContentView.swift */,
				A502C70F2C9877BB00A06E78 /* Assets.xcassets */,
				A502C7112C9877BB00A06E78 /* Preview Content */,
			);
			path = "HowDrunkRU?";
			sourceTree = "<group>";
		};
		A502C7112C9877BB00A06E78 /* Preview Content */ = {
			isa = PBXGroup;
			children = (
				A502C7122C9877BB00A06E78 /* Preview Assets.xcassets */,
			);
			path = "Preview Content";
			sourceTree = "<group>";
		};
		A502C7192C98782600A06E78 /* Extensions */ = {
			isa = PBXGroup;
			children = (
				A502C71A2C98783A00A06E78 /* ColorUI+Extension.swift */,
				A502C71D2C98787400A06E78 /* AlcoholLevel.swift */,
			);
			path = Extensions;
			sourceTree = "<group>";
		};
		A502C71C2C98784F00A06E78 /* Component */ = {
			isa = PBXGroup;
			children = (
				A502C71F2C98788C00A06E78 /* TitleView.swift */,
				A502C7212C987FF100A06E78 /* AlcoholLevelView.swift */,
			);
			path = Component;
			sourceTree = "<group>";
		};
/* End PBXGroup section */

/* Begin PBXNativeTarget section */
		A502C7072C9877BA00A06E78 /* HowDrunkRU? */ = {
			isa = PBXNativeTarget;
			buildConfigurationList = A502C7162C9877BB00A06E78 /* Build configuration list for PBXNativeTarget "HowDrunkRU?" */;
			buildPhases = (
				A502C7042C9877BA00A06E78 /* Sources */,
				A502C7052C9877BA00A06E78 /* Frameworks */,
				A502C7062C9877BA00A06E78 /* Resources */,
			);
			buildRules = (
			);
			dependencies = (
			);
			name = "HowDrunkRU?";
			productName = "HowDrunkRU?";
			productReference = A502C7082C9877BA00A06E78 /* HowDrunkRU?.app */;
			productType = "com.apple.product-type.application";
		};
/* End PBXNativeTarget section */

/* Begin PBXProject section */
		A502C7002C9877BA00A06E78 /* Project object */ = {
			isa = PBXProject;
			attributes = {
				BuildIndependentTargetsInParallel = 1;
				LastSwiftUpdateCheck = 1540;
				LastUpgradeCheck = 1540;
				TargetAttributes = {
					A502C7072C9877BA00A06E78 = {
						CreatedOnToolsVersion = 15.4;
					};
				};
			};
			buildConfigurationList = A502C7032C9877BA00A06E78 /* Build configuration list for PBXProject "HowDrunkRU?" */;
			compatibilityVersion = "Xcode 14.0";
			developmentRegion = en;
			hasScannedForEncodings = 0;
			knownRegions = (
				en,
				Base,
			);
			mainGroup = A502C6FF2C9877BA00A06E78;
			productRefGroup = A502C7092C9877BA00A06E78 /* Products */;
			projectDirPath = "";
			projectRoot = "";
			targets = (
				A502C7072C9877BA00A06E78 /* HowDrunkRU? */,
			);
		};
/* End PBXProject section */

/* Begin PBXResourcesBuildPhase section */
		A502C7062C9877BA00A06E78 /* Resources */ = {
			isa = PBXResourcesBuildPhase;
			buildActionMask = 2147483647;
			files = (
				A502C7132C9877BB00A06E78 /* Preview Assets.xcassets in Resources */,
				A502C7102C9877BB00A06E78 /* Assets.xcassets in Resources */,
			);
			runOnlyForDeploymentPostprocessing = 0;
		};
/* End PBXResourcesBuildPhase section */

/* Begin PBXSourcesBuildPhase section */
		A502C7042C9877BA00A06E78 /* Sources */ = {
			isa = PBXSourcesBuildPhase;
			buildActionMask = 2147483647;
			files = (
				A502C7222C987FF100A06E78 /* AlcoholLevelView.swift in Sources */,
				A502C71B2C98783B00A06E78 /* ColorUI+Extension.swift in Sources */,
				A502C7202C98788C00A06E78 /* TitleView.swift in Sources */,
				A502C70E2C9877BA00A06E78 /* ContentView.swift in Sources */,
				A502C70C2C9877BA00A06E78 /* HowDrunkRU_App.swift in Sources */,
				A502C71E2C98787400A06E78 /* AlcoholLevel.swift in Sources */,
			);
			runOnlyForDeploymentPostprocessing = 0;
		};
/* End PBXSourcesBuildPhase section */

/* Begin XCBuildConfiguration section */
		A502C7142C9877BB00A06E78 /* Debug */ = {
			isa = XCBuildConfiguration;
			buildSettings = {
				ALWAYS_SEARCH_USER_PATHS = NO;
				ASSETCATALOG_COMPILER_GENERATE_SWIFT_ASSET_SYMBOL_EXTENSIONS = YES;
				CLANG_ANALYZER_NONNULL = YES;
				CLANG_ANALYZER_NUMBER_OBJECT_CONVERSION = YES_AGGRESSIVE;
				CLANG_CXX_LANGUAGE_STANDARD = "gnu++20";
				CLANG_ENABLE_MODULES = YES;
				CLANG_ENABLE_OBJC_ARC = YES;
				CLANG_ENABLE_OBJC_WEAK = YES;
				CLANG_WARN_BLOCK_CAPTURE_AUTORELEASING = YES;
				CLANG_WARN_BOOL_CONVERSION = YES;
				CLANG_WARN_COMMA = YES;
				CLANG_WARN_CONSTANT_CONVERSION = YES;
				CLANG_WARN_DEPRECATED_OBJC_IMPLEMENTATIONS = YES;
				CLANG_WARN_DIRECT_OBJC_ISA_USAGE = YES_ERROR;
				CLANG_WARN_DOCUMENTATION_COMMENTS = YES;
				CLANG_WARN_EMPTY_BODY = YES;
				CLANG_WARN_ENUM_CONVERSION = YES;
				CLANG_WARN_INFINITE_RECURSION = YES;
				CLANG_WARN_INT_CONVERSION = YES;
				CLANG_WARN_NON_LITERAL_NULL_CONVERSION = YES;
				CLANG_WARN_OBJC_IMPLICIT_RETAIN_SELF = YES;
				CLANG_WARN_OBJC_LITERAL_CONVERSION = YES;
				CLANG_WARN_OBJC_ROOT_CLASS = YES_ERROR;
				CLANG_WARN_QUOTED_INCLUDE_IN_FRAMEWORK_HEADER = YES;
				CLANG_WARN_RANGE_LOOP_ANALYSIS = YES;
				CLANG_WARN_STRICT_PROTOTYPES = YES;
				CLANG_WARN_SUSPICIOUS_MOVE = YES;
				CLANG_WARN_UNGUARDED_AVAILABILITY = YES_AGGRESSIVE;
				CLANG_WARN_UNREACHABLE_CODE = YES;
				CLANG_WARN__DUPLICATE_METHOD_MATCH = YES;
				COPY_PHASE_STRIP = NO;
				DEBUG_INFORMATION_FORMAT = dwarf;
				ENABLE_STRICT_OBJC_MSGSEND = YES;
				ENABLE_TESTABILITY = YES;
				ENABLE_USER_SCRIPT_SANDBOXING = YES;
				GCC_C_LANGUAGE_STANDARD = gnu17;
				GCC_DYNAMIC_NO_PIC = NO;
				GCC_NO_COMMON_BLOCKS = YES;
				GCC_OPTIMIZATION_LEVEL = 0;
				GCC_PREPROCESSOR_DEFINITIONS = (
					"DEBUG=1",
					"$(inherited)",
				);
				GCC_WARN_64_TO_32_BIT_CONVERSION = YES;
				GCC_WARN_ABOUT_RETURN_TYPE = YES_ERROR;
				GCC_WARN_UNDECLARED_SELECTOR = YES;
				GCC_WARN_UNINITIALIZED_AUTOS = YES_AGGRESSIVE;
				GCC_WARN_UNUSED_FUNCTION = YES;
				GCC_WARN_UNUSED_VARIABLE = YES;
				IPHONEOS_DEPLOYMENT_TARGET = 17.5;
				LOCALIZATION_PREFERS_STRING_CATALOGS = YES;
				MTL_ENABLE_DEBUG_INFO = INCLUDE_SOURCE;
				MTL_FAST_MATH = YES;
				ONLY_ACTIVE_ARCH = YES;
				SDKROOT = iphoneos;
				SWIFT_ACTIVE_COMPILATION_CONDITIONS = "DEBUG $(inherited)";
				SWIFT_OPTIMIZATION_LEVEL = "-Onone";
			};
			name = Debug;
		};
		A502C7152C9877BB00A06E78 /* Release */ = {
			isa = XCBuildConfiguration;
			buildSettings = {
				ALWAYS_SEARCH_USER_PATHS = NO;
				ASSETCATALOG_COMPILER_GENERATE_SWIFT_ASSET_SYMBOL_EXTENSIONS = YES;
				CLANG_ANALYZER_NONNULL = YES;
				CLANG_ANALYZER_NUMBER_OBJECT_CONVERSION = YES_AGGRESSIVE;
				CLANG_CXX_LANGUAGE_STANDARD = "gnu++20";
				CLANG_ENABLE_MODULES = YES;
				CLANG_ENABLE_OBJC_ARC = YES;
				CLANG_ENABLE_OBJC_WEAK = YES;
				CLANG_WARN_BLOCK_CAPTURE_AUTORELEASING = YES;
				CLANG_WARN_BOOL_CONVERSION = YES;
				CLANG_WARN_COMMA = YES;
				CLANG_WARN_CONSTANT_CONVERSION = YES;
				CLANG_WARN_DEPRECATED_OBJC_IMPLEMENTATIONS = YES;
				CLANG_WARN_DIRECT_OBJC_ISA_USAGE = YES_ERROR;
				CLANG_WARN_DOCUMENTATION_COMMENTS = YES;
				CLANG_WARN_EMPTY_BODY = YES;
				CLANG_WARN_ENUM_CONVERSION = YES;
				CLANG_WARN_INFINITE_RECURSION = YES;
				CLANG_WARN_INT_CONVERSION = YES;
				CLANG_WARN_NON_LITERAL_NULL_CONVERSION = YES;
				CLANG_WARN_OBJC_IMPLICIT_RETAIN_SELF = YES;
				CLANG_WARN_OBJC_LITERAL_CONVERSION = YES;
				CLANG_WARN_OBJC_ROOT_CLASS = YES_ERROR;
				CLANG_WARN_QUOTED_INCLUDE_IN_FRAMEWORK_HEADER = YES;
				CLANG_WARN_RANGE_LOOP_ANALYSIS = YES;
				CLANG_WARN_STRICT_PROTOTYPES = YES;
				CLANG_WARN_SUSPICIOUS_MOVE = YES;
				CLANG_WARN_UNGUARDED_AVAILABILITY = YES_AGGRESSIVE;
				CLANG_WARN_UNREACHABLE_CODE = YES;
				CLANG_WARN__DUPLICATE_METHOD_MATCH = YES;
				COPY_PHASE_STRIP = NO;
				DEBUG_INFORMATION_FORMAT = "dwarf-with-dsym";
				ENABLE_NS_ASSERTIONS = NO;
				ENABLE_STRICT_OBJC_MSGSEND = YES;
				ENABLE_USER_SCRIPT_SANDBOXING = YES;
				GCC_C_LANGUAGE_STANDARD = gnu17;
				GCC_NO_COMMON_BLOCKS = YES;
				GCC_WARN_64_TO_32_BIT_CONVERSION = YES;
				GCC_WARN_ABOUT_RETURN_TYPE = YES_ERROR;
				GCC_WARN_UNDECLARED_SELECTOR = YES;
				GCC_WARN_UNINITIALIZED_AUTOS = YES_AGGRESSIVE;
				GCC_WARN_UNUSED_FUNCTION = YES;
				GCC_WARN_UNUSED_VARIABLE = YES;
				IPHONEOS_DEPLOYMENT_TARGET = 17.5;
				LOCALIZATION_PREFERS_STRING_CATALOGS = YES;
				MTL_ENABLE_DEBUG_INFO = NO;
				MTL_FAST_MATH = YES;
				SDKROOT = iphoneos;
				SWIFT_COMPILATION_MODE = wholemodule;
				VALIDATE_PRODUCT = YES;
			};
			name = Release;
		};
		A502C7172C9877BB00A06E78 /* Debug */ = {
			isa = XCBuildConfiguration;
			buildSettings = {
				ASSETCATALOG_COMPILER_APPICON_NAME = AppIcon;
				ASSETCATALOG_COMPILER_GLOBAL_ACCENT_COLOR_NAME = AccentColor;
				CODE_SIGN_STYLE = Automatic;
				CURRENT_PROJECT_VERSION = 1;
				DEVELOPMENT_ASSET_PATHS = "\"HowDrunkRU?/Preview Content\"";
				DEVELOPMENT_TEAM = CGRKZ83X82;
				ENABLE_PREVIEWS = YES;
				GENERATE_INFOPLIST_FILE = YES;
				INFOPLIST_KEY_UIApplicationSceneManifest_Generation = YES;
				INFOPLIST_KEY_UIApplicationSupportsIndirectInputEvents = YES;
				INFOPLIST_KEY_UILaunchScreen_Generation = YES;
				INFOPLIST_KEY_UISupportedInterfaceOrientations_iPad = "UIInterfaceOrientationPortrait UIInterfaceOrientationPortraitUpsideDown UIInterfaceOrientationLandscapeLeft UIInterfaceOrientationLandscapeRight";
				INFOPLIST_KEY_UISupportedInterfaceOrientations_iPhone = "UIInterfaceOrientationPortrait UIInterfaceOrientationLandscapeLeft UIInterfaceOrientationLandscapeRight";
				LD_RUNPATH_SEARCH_PATHS = (
					"$(inherited)",
					"@executable_path/Frameworks",
				);
				MARKETING_VERSION = 1.0;
				PRODUCT_BUNDLE_IDENTIFIER = "com.appLoic.Swift.HowDrunkRU-";
				PRODUCT_NAME = "$(TARGET_NAME)";
				SWIFT_EMIT_LOC_STRINGS = YES;
				SWIFT_VERSION = 5.0;
				TARGETED_DEVICE_FAMILY = "1,2";
			};
			name = Debug;
		};
		A502C7182C9877BB00A06E78 /* Release */ = {
			isa = XCBuildConfiguration;
			buildSettings = {
				ASSETCATALOG_COMPILER_APPICON_NAME = AppIcon;
				ASSETCATALOG_COMPILER_GLOBAL_ACCENT_COLOR_NAME = AccentColor;
				CODE_SIGN_STYLE = Automatic;
				CURRENT_PROJECT_VERSION = 1;
				DEVELOPMENT_ASSET_PATHS = "\"HowDrunkRU?/Preview Content\"";
				DEVELOPMENT_TEAM = CGRKZ83X82;
				ENABLE_PREVIEWS = YES;
				GENERATE_INFOPLIST_FILE = YES;
				INFOPLIST_KEY_UIApplicationSceneManifest_Generation = YES;
				INFOPLIST_KEY_UIApplicationSupportsIndirectInputEvents = YES;
				INFOPLIST_KEY_UILaunchScreen_Generation = YES;
				INFOPLIST_KEY_UISupportedInterfaceOrientations_iPad = "UIInterfaceOrientationPortrait UIInterfaceOrientationPortraitUpsideDown UIInterfaceOrientationLandscapeLeft UIInterfaceOrientationLandscapeRight";
				INFOPLIST_KEY_UISupportedInterfaceOrientations_iPhone = "UIInterfaceOrientationPortrait UIInterfaceOrientationLandscapeLeft UIInterfaceOrientationLandscapeRight";
				LD_RUNPATH_SEARCH_PATHS = (
					"$(inherited)",
					"@executable_path/Frameworks",
				);
				MARKETING_VERSION = 1.0;
				PRODUCT_BUNDLE_IDENTIFIER = "com.appLoic.Swift.HowDrunkRU-";
				PRODUCT_NAME = "$(TARGET_NAME)";
				SWIFT_EMIT_LOC_STRINGS = YES;
				SWIFT_VERSION = 5.0;
				TARGETED_DEVICE_FAMILY = "1,2";
			};
			name = Release;
		};
/* End XCBuildConfiguration section */

/* Begin XCConfigurationList section */
		A502C7032C9877BA00A06E78 /* Build configuration list for PBXProject "HowDrunkRU?" */ = {
			isa = XCConfigurationList;
			buildConfigurations = (
				A502C7142C9877BB00A06E78 /* Debug */,
				A502C7152C9877BB00A06E78 /* Release */,
			);
			defaultConfigurationIsVisible = 0;
			defaultConfigurationName = Release;
		};
		A502C7162C9877BB00A06E78 /* Build configuration list for PBXNativeTarget "HowDrunkRU?" */ = {
			isa = XCConfigurationList;
			buildConfigurations = (
				A502C7172C9877BB00A06E78 /* Debug */,
				A502C7182C9877BB00A06E78 /* Release */,
			);
			defaultConfigurationIsVisible = 0;
			defaultConfigurationName = Release;
		};
/* End XCConfigurationList section */
	};
	rootObject = A502C7002C9877BA00A06E78 /* Project object */;
}
